// !$*UTF8*$!
{
	archiveVersion = 1;
	classes = {
	};
	objectVersion = 55;
	objects = {

/* Begin PBXBuildFile section */
		D229419D28C82908002E1614 /* IphoneIpadFirebaseApp.swift in Sources */ = {isa = PBXBuildFile; fileRef = D229419C28C82908002E1614 /* IphoneIpadFirebaseApp.swift */; };
		D229419F28C82908002E1614 /* ContentView.swift in Sources */ = {isa = PBXBuildFile; fileRef = D229419E28C82908002E1614 /* ContentView.swift */; };
		D22941A128C82909002E1614 /* Assets.xcassets in Resources */ = {isa = PBXBuildFile; fileRef = D22941A028C82909002E1614 /* Assets.xcassets */; };
		D22941A428C82909002E1614 /* Preview Assets.xcassets in Resources */ = {isa = PBXBuildFile; fileRef = D22941A328C82909002E1614 /* Preview Assets.xcassets */; };
		D22941AE28C852AA002E1614 /* NavBar.swift in Sources */ = {isa = PBXBuildFile; fileRef = D22941AD28C852AA002E1614 /* NavBar.swift */; };
		D22941B028C852B8002E1614 /* CardView.swift in Sources */ = {isa = PBXBuildFile; fileRef = D22941AF28C852B8002E1614 /* CardView.swift */; };
		D22941B228C852C6002E1614 /* ButtonView.swift in Sources */ = {isa = PBXBuildFile; fileRef = D22941B128C852C6002E1614 /* ButtonView.swift */; };
		D22941B528C852F7002E1614 /* Home.swift in Sources */ = {isa = PBXBuildFile; fileRef = D22941B428C852F7002E1614 /* Home.swift */; };
		D240035E28CAE1F70064BA55 /* GoogleService-Info.plist in Resources */ = {isa = PBXBuildFile; fileRef = D240035D28CAE1F70064BA55 /* GoogleService-Info.plist */; };
		D240036128CAEB040064BA55 /* FirebaseAuth in Frameworks */ = {isa = PBXBuildFile; productRef = D240036028CAEB040064BA55 /* FirebaseAuth */; };
		D240036328CAEB040064BA55 /* FirebaseFirestore in Frameworks */ = {isa = PBXBuildFile; productRef = D240036228CAEB040064BA55 /* FirebaseFirestore */; };
		D240036528CAEB040064BA55 /* FirebaseStorage in Frameworks */ = {isa = PBXBuildFile; productRef = D240036428CAEB040064BA55 /* FirebaseStorage */; };
		D240036728CAEB5F0064BA55 /* AppDelegate.swift in Sources */ = {isa = PBXBuildFile; fileRef = D240036628CAEB5F0064BA55 /* AppDelegate.swift */; };
		D240036A28CAFF190064BA55 /* FirebaseViewModel.swift in Sources */ = {isa = PBXBuildFile; fileRef = D240036928CAFF190064BA55 /* FirebaseViewModel.swift */; };
		D240036C28CB00D50064BA55 /* Login.swift in Sources */ = {isa = PBXBuildFile; fileRef = D240036B28CB00D50064BA55 /* Login.swift */; };
/* End PBXBuildFile section */

/* Begin PBXFileReference section */
		D229419928C82908002E1614 /* IphoneIpadFirebase.app */ = {isa = PBXFileReference; explicitFileType = wrapper.application; includeInIndex = 0; path = IphoneIpadFirebase.app; sourceTree = BUILT_PRODUCTS_DIR; };
		D229419C28C82908002E1614 /* IphoneIpadFirebaseApp.swift */ = {isa = PBXFileReference; lastKnownFileType = sourcecode.swift; path = IphoneIpadFirebaseApp.swift; sourceTree = "<group>"; };
		D229419E28C82908002E1614 /* ContentView.swift */ = {isa = PBXFileReference; lastKnownFileType = sourcecode.swift; path = ContentView.swift; sourceTree = "<group>"; };
		D22941A028C82909002E1614 /* Assets.xcassets */ = {isa = PBXFileReference; lastKnownFileType = folder.assetcatalog; path = Assets.xcassets; sourceTree = "<group>"; };
		D22941A328C82909002E1614 /* Preview Assets.xcassets */ = {isa = PBXFileReference; lastKnownFileType = folder.assetcatalog; path = "Preview Assets.xcassets"; sourceTree = "<group>"; };
		D22941AD28C852AA002E1614 /* NavBar.swift */ = {isa = PBXFileReference; lastKnownFileType = sourcecode.swift; path = NavBar.swift; sourceTree = "<group>"; };
		D22941AF28C852B8002E1614 /* CardView.swift */ = {isa = PBXFileReference; lastKnownFileType = sourcecode.swift; path = CardView.swift; sourceTree = "<group>"; };
		D22941B128C852C6002E1614 /* ButtonView.swift */ = {isa = PBXFileReference; lastKnownFileType = sourcecode.swift; path = ButtonView.swift; sourceTree = "<group>"; };
		D22941B428C852F7002E1614 /* Home.swift */ = {isa = PBXFileReference; lastKnownFileType = sourcecode.swift; path = Home.swift; sourceTree = "<group>"; };
		D240035D28CAE1F70064BA55 /* GoogleService-Info.plist */ = {isa = PBXFileReference; fileEncoding = 4; lastKnownFileType = text.plist.xml; path = "GoogleService-Info.plist"; sourceTree = "<group>"; };
		D240036628CAEB5F0064BA55 /* AppDelegate.swift */ = {isa = PBXFileReference; lastKnownFileType = sourcecode.swift; path = AppDelegate.swift; sourceTree = "<group>"; };
		D240036928CAFF190064BA55 /* FirebaseViewModel.swift */ = {isa = PBXFileReference; lastKnownFileType = sourcecode.swift; path = FirebaseViewModel.swift; sourceTree = "<group>"; };
		D240036B28CB00D50064BA55 /* Login.swift */ = {isa = PBXFileReference; lastKnownFileType = sourcecode.swift; path = Login.swift; sourceTree = "<group>"; };
/* End PBXFileReference section */

/* Begin PBXFrameworksBuildPhase section */
		D229419628C82908002E1614 /* Frameworks */ = {
			isa = PBXFrameworksBuildPhase;
			buildActionMask = 2147483647;
			files = (
				D240036128CAEB040064BA55 /* FirebaseAuth in Frameworks */,
				D240036328CAEB040064BA55 /* FirebaseFirestore in Frameworks */,
				D240036528CAEB040064BA55 /* FirebaseStorage in Frameworks */,
			);
			runOnlyForDeploymentPostprocessing = 0;
		};
/* End PBXFrameworksBuildPhase section */

/* Begin PBXGroup section */
		D229419028C82908002E1614 = {
			isa = PBXGroup;
			children = (
				D229419B28C82908002E1614 /* IphoneIpadFirebase */,
				D229419A28C82908002E1614 /* Products */,
			);
			sourceTree = "<group>";
		};
		D229419A28C82908002E1614 /* Products */ = {
			isa = PBXGroup;
			children = (
				D229419928C82908002E1614 /* IphoneIpadFirebase.app */,
			);
			name = Products;
			sourceTree = "<group>";
		};
		D229419B28C82908002E1614 /* IphoneIpadFirebase */ = {
			isa = PBXGroup;
			children = (
				D240036828CAFEFA0064BA55 /* ViewModel */,
				D22941AA28C85277002E1614 /* View */,
				D229419C28C82908002E1614 /* IphoneIpadFirebaseApp.swift */,
				D229419E28C82908002E1614 /* ContentView.swift */,
				D240035D28CAE1F70064BA55 /* GoogleService-Info.plist */,
				D22941A028C82909002E1614 /* Assets.xcassets */,
				D22941A228C82909002E1614 /* Preview Content */,
				D240036628CAEB5F0064BA55 /* AppDelegate.swift */,
			);
			path = IphoneIpadFirebase;
			sourceTree = "<group>";
		};
		D22941A228C82909002E1614 /* Preview Content */ = {
			isa = PBXGroup;
			children = (
				D22941A328C82909002E1614 /* Preview Assets.xcassets */,
			);
			path = "Preview Content";
			sourceTree = "<group>";
		};
		D22941AA28C85277002E1614 /* View */ = {
			isa = PBXGroup;
			children = (
				D22941B328C852DC002E1614 /* Elements */,
				D22941B428C852F7002E1614 /* Home.swift */,
				D240036B28CB00D50064BA55 /* Login.swift */,
			);
			path = View;
			sourceTree = "<group>";
		};
		D22941B328C852DC002E1614 /* Elements */ = {
			isa = PBXGroup;
			children = (
				D22941B128C852C6002E1614 /* ButtonView.swift */,
				D22941AF28C852B8002E1614 /* CardView.swift */,
				D22941AD28C852AA002E1614 /* NavBar.swift */,
			);
			path = Elements;
			sourceTree = "<group>";
		};
		D240036828CAFEFA0064BA55 /* ViewModel */ = {
			isa = PBXGroup;
			children = (
				D240036928CAFF190064BA55 /* FirebaseViewModel.swift */,
			);
			path = ViewModel;
			sourceTree = "<group>";
		};
/* End PBXGroup section */

/* Begin PBXNativeTarget section */
		D229419828C82908002E1614 /* IphoneIpadFirebase */ = {
			isa = PBXNativeTarget;
			buildConfigurationList = D22941A728C82909002E1614 /* Build configuration list for PBXNativeTarget "IphoneIpadFirebase" */;
			buildPhases = (
				D229419528C82908002E1614 /* Sources */,
				D229419628C82908002E1614 /* Frameworks */,
				D229419728C82908002E1614 /* Resources */,
			);
			buildRules = (
			);
			dependencies = (
			);
			name = IphoneIpadFirebase;
			packageProductDependencies = (
				D240036028CAEB040064BA55 /* FirebaseAuth */,
				D240036228CAEB040064BA55 /* FirebaseFirestore */,
				D240036428CAEB040064BA55 /* FirebaseStorage */,
			);
			productName = IphoneIpadFirebase;
			productReference = D229419928C82908002E1614 /* IphoneIpadFirebase.app */;
			productType = "com.apple.product-type.application";
		};
/* End PBXNativeTarget section */

/* Begin PBXProject section */
		D229419128C82908002E1614 /* Project object */ = {
			isa = PBXProject;
			attributes = {
				BuildIndependentTargetsInParallel = 1;
				LastSwiftUpdateCheck = 1340;
				LastUpgradeCheck = 1340;
				TargetAttributes = {
					D229419828C82908002E1614 = {
						CreatedOnToolsVersion = 13.4.1;
					};
				};
			};
			buildConfigurationList = D229419428C82908002E1614 /* Build configuration list for PBXProject "IphoneIpadFirebase" */;
			compatibilityVersion = "Xcode 13.0";
			developmentRegion = en;
			hasScannedForEncodings = 0;
			knownRegions = (
				en,
				Base,
			);
			mainGroup = D229419028C82908002E1614;
			packageReferences = (
				D240035F28CAEB040064BA55 /* XCRemoteSwiftPackageReference "firebase-ios-sdk" */,
			);
			productRefGroup = D229419A28C82908002E1614 /* Products */;
			projectDirPath = "";
			projectRoot = "";
			targets = (
				D229419828C82908002E1614 /* IphoneIpadFirebase */,
			);
		};
/* End PBXProject section */

/* Begin PBXResourcesBuildPhase section */
		D229419728C82908002E1614 /* Resources */ = {
			isa = PBXResourcesBuildPhase;
			buildActionMask = 2147483647;
			files = (
				D22941A428C82909002E1614 /* Preview Assets.xcassets in Resources */,
				D22941A128C82909002E1614 /* Assets.xcassets in Resources */,
				D240035E28CAE1F70064BA55 /* GoogleService-Info.plist in Resources */,
			);
			runOnlyForDeploymentPostprocessing = 0;
		};
/* End PBXResourcesBuildPhase section */

/* Begin PBXSourcesBuildPhase section */
		D229419528C82908002E1614 /* Sources */ = {
			isa = PBXSourcesBuildPhase;
			buildActionMask = 2147483647;
			files = (
				D229419F28C82908002E1614 /* ContentView.swift in Sources */,
				D229419D28C82908002E1614 /* IphoneIpadFirebaseApp.swift in Sources */,
				D22941B228C852C6002E1614 /* ButtonView.swift in Sources */,
				D22941B028C852B8002E1614 /* CardView.swift in Sources */,
				D240036728CAEB5F0064BA55 /* AppDelegate.swift in Sources */,
				D22941B528C852F7002E1614 /* Home.swift in Sources */,
				D240036C28CB00D50064BA55 /* Login.swift in Sources */,
				D22941AE28C852AA002E1614 /* NavBar.swift in Sources */,
				D240036A28CAFF190064BA55 /* FirebaseViewModel.swift in Sources */,
			);
			runOnlyForDeploymentPostprocessing = 0;
		};
/* End PBXSourcesBuildPhase section */

/* Begin XCBuildConfiguration section */
		D22941A528C82909002E1614 /* Debug */ = {
			isa = XCBuildConfiguration;
			buildSettings = {
				ALWAYS_SEARCH_USER_PATHS = NO;
				CLANG_ANALYZER_NONNULL = YES;
				CLANG_ANALYZER_NUMBER_OBJECT_CONVERSION = YES_AGGRESSIVE;
				CLANG_CXX_LANGUAGE_STANDARD = "gnu++17";
				CLANG_ENABLE_MODULES = YES;
				CLANG_ENABLE_OBJC_ARC = YES;
				CLANG_ENABLE_OBJC_WEAK = YES;
				CLANG_WARN_BLOCK_CAPTURE_AUTORELEASING = YES;
				CLANG_WARN_BOOL_CONVERSION = YES;
				CLANG_WARN_COMMA = YES;
				CLANG_WARN_CONSTANT_CONVERSION = YES;
				CLANG_WARN_DEPRECATED_OBJC_IMPLEMENTATIONS = YES;
				CLANG_WARN_DIRECT_OBJC_ISA_USAGE = YES_ERROR;
				CLANG_WARN_DOCUMENTATION_COMMENTS = YES;
				CLANG_WARN_EMPTY_BODY = YES;
				CLANG_WARN_ENUM_CONVERSION = YES;
				CLANG_WARN_INFINITE_RECURSION = YES;
				CLANG_WARN_INT_CONVERSION = YES;
				CLANG_WARN_NON_LITERAL_NULL_CONVERSION = YES;
				CLANG_WARN_OBJC_IMPLICIT_RETAIN_SELF = YES;
				CLANG_WARN_OBJC_LITERAL_CONVERSION = YES;
				CLANG_WARN_OBJC_ROOT_CLASS = YES_ERROR;
				CLANG_WARN_QUOTED_INCLUDE_IN_FRAMEWORK_HEADER = YES;
				CLANG_WARN_RANGE_LOOP_ANALYSIS = YES;
				CLANG_WARN_STRICT_PROTOTYPES = YES;
				CLANG_WARN_SUSPICIOUS_MOVE = YES;
				CLANG_WARN_UNGUARDED_AVAILABILITY = YES_AGGRESSIVE;
				CLANG_WARN_UNREACHABLE_CODE = YES;
				CLANG_WARN__DUPLICATE_METHOD_MATCH = YES;
				COPY_PHASE_STRIP = NO;
				DEBUG_INFORMATION_FORMAT = dwarf;
				ENABLE_STRICT_OBJC_MSGSEND = YES;
				ENABLE_TESTABILITY = YES;
				GCC_C_LANGUAGE_STANDARD = gnu11;
				GCC_DYNAMIC_NO_PIC = NO;
				GCC_NO_COMMON_BLOCKS = YES;
				GCC_OPTIMIZATION_LEVEL = 0;
				GCC_PREPROCESSOR_DEFINITIONS = (
					"DEBUG=1",
					"$(inherited)",
				);
				GCC_WARN_64_TO_32_BIT_CONVERSION = YES;
				GCC_WARN_ABOUT_RETURN_TYPE = YES_ERROR;
				GCC_WARN_UNDECLARED_SELECTOR = YES;
				GCC_WARN_UNINITIALIZED_AUTOS = YES_AGGRESSIVE;
				GCC_WARN_UNUSED_FUNCTION = YES;
				GCC_WARN_UNUSED_VARIABLE = YES;
				IPHONEOS_DEPLOYMENT_TARGET = 15.5;
				MTL_ENABLE_DEBUG_INFO = INCLUDE_SOURCE;
				MTL_FAST_MATH = YES;
				ONLY_ACTIVE_ARCH = YES;
				SDKROOT = iphoneos;
				SWIFT_ACTIVE_COMPILATION_CONDITIONS = DEBUG;
				SWIFT_OPTIMIZATION_LEVEL = "-Onone";
			};
			name = Debug;
		};
		D22941A628C82909002E1614 /* Release */ = {
			isa = XCBuildConfiguration;
			buildSettings = {
				ALWAYS_SEARCH_USER_PATHS = NO;
				CLANG_ANALYZER_NONNULL = YES;
				CLANG_ANALYZER_NUMBER_OBJECT_CONVERSION = YES_AGGRESSIVE;
				CLANG_CXX_LANGUAGE_STANDARD = "gnu++17";
				CLANG_ENABLE_MODULES = YES;
				CLANG_ENABLE_OBJC_ARC = YES;
				CLANG_ENABLE_OBJC_WEAK = YES;
				CLANG_WARN_BLOCK_CAPTURE_AUTORELEASING = YES;
				CLANG_WARN_BOOL_CONVERSION = YES;
				CLANG_WARN_COMMA = YES;
				CLANG_WARN_CONSTANT_CONVERSION = YES;
				CLANG_WARN_DEPRECATED_OBJC_IMPLEMENTATIONS = YES;
				CLANG_WARN_DIRECT_OBJC_ISA_USAGE = YES_ERROR;
				CLANG_WARN_DOCUMENTATION_COMMENTS = YES;
				CLANG_WARN_EMPTY_BODY = YES;
				CLANG_WARN_ENUM_CONVERSION = YES;
				CLANG_WARN_INFINITE_RECURSION = YES;
				CLANG_WARN_INT_CONVERSION = YES;
				CLANG_WARN_NON_LITERAL_NULL_CONVERSION = YES;
				CLANG_WARN_OBJC_IMPLICIT_RETAIN_SELF = YES;
				CLANG_WARN_OBJC_LITERAL_CONVERSION = YES;
				CLANG_WARN_OBJC_ROOT_CLASS = YES_ERROR;
				CLANG_WARN_QUOTED_INCLUDE_IN_FRAMEWORK_HEADER = YES;
				CLANG_WARN_RANGE_LOOP_ANALYSIS = YES;
				CLANG_WARN_STRICT_PROTOTYPES = YES;
				CLANG_WARN_SUSPICIOUS_MOVE = YES;
				CLANG_WARN_UNGUARDED_AVAILABILITY = YES_AGGRESSIVE;
				CLANG_WARN_UNREACHABLE_CODE = YES;
				CLANG_WARN__DUPLICATE_METHOD_MATCH = YES;
				COPY_PHASE_STRIP = NO;
				DEBUG_INFORMATION_FORMAT = "dwarf-with-dsym";
				ENABLE_NS_ASSERTIONS = NO;
				ENABLE_STRICT_OBJC_MSGSEND = YES;
				GCC_C_LANGUAGE_STANDARD = gnu11;
				GCC_NO_COMMON_BLOCKS = YES;
				GCC_WARN_64_TO_32_BIT_CONVERSION = YES;
				GCC_WARN_ABOUT_RETURN_TYPE = YES_ERROR;
				GCC_WARN_UNDECLARED_SELECTOR = YES;
				GCC_WARN_UNINITIALIZED_AUTOS = YES_AGGRESSIVE;
				GCC_WARN_UNUSED_FUNCTION = YES;
				GCC_WARN_UNUSED_VARIABLE = YES;
				IPHONEOS_DEPLOYMENT_TARGET = 15.5;
				MTL_ENABLE_DEBUG_INFO = NO;
				MTL_FAST_MATH = YES;
				SDKROOT = iphoneos;
				SWIFT_COMPILATION_MODE = wholemodule;
				SWIFT_OPTIMIZATION_LEVEL = "-O";
				VALIDATE_PRODUCT = YES;
			};
			name = Release;
		};
		D22941A828C82909002E1614 /* Debug */ = {
			isa = XCBuildConfiguration;
			buildSettings = {
				ASSETCATALOG_COMPILER_APPICON_NAME = AppIcon;
				ASSETCATALOG_COMPILER_GLOBAL_ACCENT_COLOR_NAME = AccentColor;
				CODE_SIGN_STYLE = Automatic;
				CURRENT_PROJECT_VERSION = 1;
				DEVELOPMENT_ASSET_PATHS = "\"IphoneIpadFirebase/Preview Content\"";
				DEVELOPMENT_TEAM = 4SCMU57SX9;
				ENABLE_PREVIEWS = YES;
				GENERATE_INFOPLIST_FILE = YES;
				INFOPLIST_KEY_UIApplicationSceneManifest_Generation = YES;
				INFOPLIST_KEY_UIApplicationSupportsIndirectInputEvents = YES;
				INFOPLIST_KEY_UILaunchScreen_Generation = YES;
				INFOPLIST_KEY_UISupportedInterfaceOrientations_iPad = "UIInterfaceOrientationPortrait UIInterfaceOrientationPortraitUpsideDown UIInterfaceOrientationLandscapeLeft UIInterfaceOrientationLandscapeRight";
				INFOPLIST_KEY_UISupportedInterfaceOrientations_iPhone = "UIInterfaceOrientationPortrait UIInterfaceOrientationLandscapeLeft UIInterfaceOrientationLandscapeRight";
				LD_RUNPATH_SEARCH_PATHS = (
					"$(inherited)",
					"@executable_path/Frameworks",
				);
				MARKETING_VERSION = 1.0;
				PRODUCT_BUNDLE_IDENTIFIER = com.infinty.IphoneIpadFirebase;
				PRODUCT_NAME = "$(TARGET_NAME)";
				SWIFT_EMIT_LOC_STRINGS = YES;
				SWIFT_VERSION = 5.0;
				TARGETED_DEVICE_FAMILY = "1,2";
			};
			name = Debug;
		};
		D22941A928C82909002E1614 /* Release */ = {
			isa = XCBuildConfiguration;
			buildSettings = {
				ASSETCATALOG_COMPILER_APPICON_NAME = AppIcon;
				ASSETCATALOG_COMPILER_GLOBAL_ACCENT_COLOR_NAME = AccentColor;
				CODE_SIGN_STYLE = Automatic;
				CURRENT_PROJECT_VERSION = 1;
				DEVELOPMENT_ASSET_PATHS = "\"IphoneIpadFirebase/Preview Content\"";
				DEVELOPMENT_TEAM = 4SCMU57SX9;
				ENABLE_PREVIEWS = YES;
				GENERATE_INFOPLIST_FILE = YES;
				INFOPLIST_KEY_UIApplicationSceneManifest_Generation = YES;
				INFOPLIST_KEY_UIApplicationSupportsIndirectInputEvents = YES;
				INFOPLIST_KEY_UILaunchScreen_Generation = YES;
				INFOPLIST_KEY_UISupportedInterfaceOrientations_iPad = "UIInterfaceOrientationPortrait UIInterfaceOrientationPortraitUpsideDown UIInterfaceOrientationLandscapeLeft UIInterfaceOrientationLandscapeRight";
				INFOPLIST_KEY_UISupportedInterfaceOrientations_iPhone = "UIInterfaceOrientationPortrait UIInterfaceOrientationLandscapeLeft UIInterfaceOrientationLandscapeRight";
				LD_RUNPATH_SEARCH_PATHS = (
					"$(inherited)",
					"@executable_path/Frameworks",
				);
				MARKETING_VERSION = 1.0;
				PRODUCT_BUNDLE_IDENTIFIER = com.infinty.IphoneIpadFirebase;
				PRODUCT_NAME = "$(TARGET_NAME)";
				SWIFT_EMIT_LOC_STRINGS = YES;
				SWIFT_VERSION = 5.0;
				TARGETED_DEVICE_FAMILY = "1,2";
			};
			name = Release;
		};
/* End XCBuildConfiguration section */

/* Begin XCConfigurationList section */
		D229419428C82908002E1614 /* Build configuration list for PBXProject "IphoneIpadFirebase" */ = {
			isa = XCConfigurationList;
			buildConfigurations = (
				D22941A528C82909002E1614 /* Debug */,
				D22941A628C82909002E1614 /* Release */,
			);
			defaultConfigurationIsVisible = 0;
			defaultConfigurationName = Release;
		};
		D22941A728C82909002E1614 /* Build configuration list for PBXNativeTarget "IphoneIpadFirebase" */ = {
			isa = XCConfigurationList;
			buildConfigurations = (
				D22941A828C82909002E1614 /* Debug */,
				D22941A928C82909002E1614 /* Release */,
			);
			defaultConfigurationIsVisible = 0;
			defaultConfigurationName = Release;
		};
/* End XCConfigurationList section */

/* Begin XCRemoteSwiftPackageReference section */
		D240035F28CAEB040064BA55 /* XCRemoteSwiftPackageReference "firebase-ios-sdk" */ = {
			isa = XCRemoteSwiftPackageReference;
			repositoryURL = "https://github.com/firebase/firebase-ios-sdk";
			requirement = {
				kind = upToNextMajorVersion;
				minimumVersion = 9.0.0;
			};
		};
/* End XCRemoteSwiftPackageReference section */

/* Begin XCSwiftPackageProductDependency section */
		D240036028CAEB040064BA55 /* FirebaseAuth */ = {
			isa = XCSwiftPackageProductDependency;
			package = D240035F28CAEB040064BA55 /* XCRemoteSwiftPackageReference "firebase-ios-sdk" */;
			productName = FirebaseAuth;
		};
		D240036228CAEB040064BA55 /* FirebaseFirestore */ = {
			isa = XCSwiftPackageProductDependency;
			package = D240035F28CAEB040064BA55 /* XCRemoteSwiftPackageReference "firebase-ios-sdk" */;
			productName = FirebaseFirestore;
		};
		D240036428CAEB040064BA55 /* FirebaseStorage */ = {
			isa = XCSwiftPackageProductDependency;
			package = D240035F28CAEB040064BA55 /* XCRemoteSwiftPackageReference "firebase-ios-sdk" */;
			productName = FirebaseStorage;
		};
/* End XCSwiftPackageProductDependency section */
	};
	rootObject = D229419128C82908002E1614 /* Project object */;
}
